
Microsoft Visual Studio Solution File, Format Version 12.00
# Visual Studio Version 16
VisualStudioVersion = 16.0.30225.117
MinimumVisualStudioVersion = 10.0.40219.1
Project("{FAE04EC0-301F-11D3-BF4B-00C04F79EFBC}") = "SimpleApp", "SimpleApp\SimpleApp.csproj", "{1CDAA3DC-CE05-4C51-A22B-7845CED6797B}"
EndProject
Global
	GlobalSection(SolutionConfigurationPlatforms) = preSolution
		Debug|Any CPU = Debug|Any CPU
		Release|Any CPU = Release|Any CPU
	EndGlobalSection
	GlobalSection(ProjectConfigurationPlatforms) = postSolution
		{1CDAA3DC-CE05-4C51-A22B-7845CED6797B}.Debug|Any CPU.ActiveCfg = Debug|Any CPU
		{1CDAA3DC-CE05-4C51-A22B-7845CED6797B}.Debug|Any CPU.Build.0 = Debug|Any CPU
		{1CDAA3DC-CE05-4C51-A22B-7845CED6797B}.Release|Any CPU.ActiveCfg = Release|Any CPU
		{1CDAA3DC-CE05-4C51-A22B-7845CED6797B}.Release|Any CPU.Build.0 = Release|Any CPU
	EndGlobalSection
	GlobalSection(SolutionProperties) = preSolution
		HideSolutionNode = FALSE
	EndGlobalSection
	GlobalSection(ExtensibilityGlobals) = postSolution
		SolutionGuid = {14D56EF9-4DC8-41AC-97F0-666E738B69E9}
	EndGlobalSection
EndGlobal
